{
  "name": "osis-sman3-rembang",
  "version": "2.0.0",
  "lockfileVersion": 3,
  "requires": true,
  "packages": {
    "": {
      "name": "osis-sman3-rembang",
      "version": "2.0.0",
      "devDependencies": {
        "@electric-sql/pglite": "^0.5.8",
        "supabase": "^2.118.0"
      }
    },
    "node_modules/@ecies/ciphers": {
      "version": "0.2.6",
      "resolved": "https://registry.npmjs.org/@ecies/ciphers/-/ciphers-0.2.6.tgz",
      "integrity": "sha512-patgsRPKGkhhoBjETV4XxD0En4ui5fbX0hzayqI3M8tvNMGUoUvmyYAIWwlxBc1KX5cturfqByYdj5bYGRpN9g==",
      "dev": true,
      "license": "MIT",
      "engines": {
        "bun": ">=1",
        "deno": ">=2.7.10",
        "node": ">=16"
      },
      "peerDependencies": {
        "@noble/ciphers": "^1.0.0"
      }
    },
    "node_modules/@electric-sql/pglite": {
      "version": "0.5.8",
      "resolved": "https://registry.npmjs.org/@electric-sql/pglite/-/pglite-0.5.8.tgz",
      "integrity": "sha512-n9tsbUOhwx2epK1V0ZG9Ar4SHWUju04dhmzZXiSBXwBoleOvIfals33NAaWgagQVAL4Rbvx/Ptsu3P+pA09f6Q==",
      "dev": true,
      "license": "Apache-2.0"
    },
    "node_modules/@noble/ciphers": {
      "version": "1.3.0",
      "resolved": "https://registry.npmjs.org/@noble/ciphers/-/ciphers-1.3.0.tgz",
      "integrity": "sha512-2I0gnIVPtfnMw9ee9h1dJG7tp81+8Ob3OJb3Mv37rx5L40/b0i7djjCVvGOVqc9AEIQyvyu1i6ypKdFw8R8gQw==",
      "dev": true,
      "license": "MIT",
      "engines": {
        "node": "^14.21.3 || >=16"
      },
      "funding": {
        "url": "https://paulmillr.com/funding/"
      }
    },
    "node_modules/@noble/curves": {
      "version": "1.9.7",
      "resolved": "https://registry.npmjs.org/@noble/curves/-/curves-1.9.7.tgz",
      "integrity": "sha512-gbKGcRUYIjA3/zCCNaWDciTMFI0dCkvou3TL8Zmy5Nc7sJ47a0jtOeZoTaMxkuqRo9cRhjOdZJXegxYE5FN/xw==",
      "dev": true,
      "license": "MIT",
      "dependencies": {
        "@noble/hashes": "1.8.0"
      },
      "engines": {
        "node": "^14.21.3 || >=16"
      },
      "funding": {
        "url": "https://paulmillr.com/funding/"
      }
    },
    "node_modules/@noble/hashes": {
      "version": "1.8.0",
      "resolved": "https://registry.npmjs.org/@noble/hashes/-/hashes-1.8.0.tgz",
      "integrity": "sha512-jCs9ldd7NwzpgXDIf6P3+NrHh9/sD6CQdxHyjQI+h/6rDNo88ypBxxz45UDuZHz9r3tNz7N/VInSVoVdtXEI4A==",
      "dev": true,
      "license": "MIT",
      "engines": {
        "node": "^14.21.3 || >=16"
      },
      "funding": {
        "url": "https://paulmillr.com/funding/"
      }
    },
    "node_modules/@supabase/cli-darwin-arm64": {
      "version": "2.118.0",
      "resolved": "https://registry.npmjs.org/@supabase/cli-darwin-arm64/-/cli-darwin-arm64-2.118.0.tgz",
      "integrity": "sha512-48W7wkHIVNgwSz4zr+xsC94la1PytCpudOw5w9qJWAISyBWRXMFBCEMb9aVIEG8S9OcLb4X1KZy4PPA/T+f7NQ==",
      "cpu": [
        "arm64"
      ],
      "dev": true,
      "license": "MIT",
      "optional": true,
      "os": [
        "darwin"
      ]
    },
    "node_modules/@supabase/cli-darwin-x64": {
      "version": "2.118.0",
      "resolved": "https://registry.npmjs.org/@supabase/cli-darwin-x64/-/cli-darwin-x64-2.118.0.tgz",
      "integrity": "sha512-r6z41S0ycJiy2cO6sbJA7kPCodpAus6b3Km+qyn2zYlnTLN0nbscYnKxrZf/rJNR+S+sdpOZXgdQjGc/z5jvXw==",
      "cpu": [
        "x64"
      ],
      "dev": true,
      "license": "MIT",
      "optional": true,
      "os": [
        "darwin"
      ]
    },
    "node_modules/@supabase/cli-linux-arm64": {
      "version": "2.118.0",
      "resolved": "https://registry.npmjs.org/@supabase/cli-linux-arm64/-/cli-linux-arm64-2.118.0.tgz",
      "integrity": "sha512-gYjOTnsYgwC68suoFALaXo87KvluXMjdWuo26a7hyD8vLeRJrmX+dpdxgegckQ7wxz8V1iotSBQU6Hd44FEDqw==",
      "cpu": [
        "arm64"
      ],
      "dev": true,
      "libc": [
        "glibc"
      ],
      "license": "MIT",
      "optional": true,
      "os": [
        "linux"
      ]
    },
    "node_modules/@supabase/cli-linux-arm64-musl": {
      "version": "2.118.0",
      "resolved": "https://registry.npmjs.org/@supabase/cli-linux-arm64-musl/-/cli-linux-arm64-musl-2.118.0.tgz",
      "integrity": "sha512-8yXIa+9g3FVVlnUAZ9wB1NEP6kvO0tpqQkDs3wqmb6btLD1MYosD/2/ZazSkpEHiKOwKUSymvUg0OgqI7a1gpw==",
      "cpu": [
        "arm64"
      ],
      "dev": true,
      "libc": [
        "musl"
      ],
      "license": "MIT",
      "optional": true,
      "os": [
        "linux"
      ]
    },
    "node_modules/@supabase/cli-linux-x64": {
      "version": "2.118.0",
      "resolved": "https://registry.npmjs.org/@supabase/cli-linux-x64/-/cli-linux-x64-2.118.0.tgz",
      "integrity": "sha512-nHm27uv15iu4xIQZRC++CS4uKYU9HuFn9HiOf407620OQ3cCp70fLT59grFlYQ+bqM7Zrv/GmEZHdgR8UO65RA==",
      "cpu": [
        "x64"
      ],
      "dev": true,
      "libc": [
        "glibc"
      ],
      "license": "MIT",
      "optional": true,
      "os": [
        "linux"
      ]
    },
    "node_modules/@supabase/cli-linux-x64-musl": {
      "version": "2.118.0",
      "resolved": "https://registry.npmjs.org/@supabase/cli-linux-x64-musl/-/cli-linux-x64-musl-2.118.0.tgz",
      "integrity": "sha512-baHVTKJ8OehCXIt6pjHFRXofoUqQzve+43lRKKeVlcgDmgHHTTaF/wTpNvQ86IhoDRkiQTuHQkDG8I5GtHdvEA==",
      "cpu": [
        "x64"
      ],
      "dev": true,
      "libc": [
        "musl"
      ],
      "license": "MIT",
      "optional": true,
      "os": [
        "linux"
      ]
    },
    "node_modules/@supabase/cli-windows-arm64": {
      "version": "2.118.0",
      "resolved": "https://registry.npmjs.org/@supabase/cli-windows-arm64/-/cli-windows-arm64-2.118.0.tgz",
      "integrity": "sha512-wd592HmQQ7DsGjnwDHILJfFlsRBQ8Q6wwjX5AXRmqznsj3NOPfFzZm2GtV8hJIj1Ttsf7B8N1DqW/0ta7kU4oQ==",
      "cpu": [
        "arm64"
      ],
      "dev": true,
      "license": "MIT",
      "optional": true,
      "os": [
        "win32"
      ]
    },
    "node_modules/@supabase/cli-windows-x64": {
      "version": "2.118.0",
      "resolved": "https://registry.npmjs.org/@supabase/cli-windows-x64/-/cli-windows-x64-2.118.0.tgz",
      "integrity": "sha512-qVAJL532b5pB8uJAPA/+3+wtwM/DX1GxwVLCSDmiT6wfUBD6OJcCYRXCEaUx0YjupyaDoPeuP4BF7IfkQTajww==",
      "cpu": [
        "x64"
      ],
      "dev": true,
      "license": "MIT",
      "optional": true,
      "os": [
        "win32"
      ]
    },
    "node_modules/eciesjs": {
      "version": "0.5.0",
      "resolved": "https://registry.npmjs.org/eciesjs/-/eciesjs-0.5.0.tgz",
      "integrity": "sha512-s0J9SEVYAEPg7J63GFMApLYzPH9VNIQIyC6s15JpnqVc0TqcKWdbgFlnAweEBRyMmko2dcs2sfC83Hj4J43tuA==",
      "dev": true,
      "license": "MIT",
      "dependencies": {
        "@ecies/ciphers": "^0.2.6",
        "@noble/ciphers": "^1.3.0",
        "@noble/curves": "^1.9.7",
        "@noble/hashes": "^1.8.0"
      },
      "engines": {
        "bun": ">=1",
        "deno": ">=2.7.10",
        "node": ">=16"
      }
    },
    "node_modules/jose": {
      "version": "6.2.12",
      "resolved": "https://registry.npmjs.org/jose/-/jose-6.2.12.tgz",
      "integrity": "sha512-9NiFmJEex0sy2Dk58j2UGBSHgUs2ypF9eZSu4L6vjOX3Dp96Sw1F3uL+H+D1sx02jZZdzUT0HgvCy59CuvXcWw==",
      "dev": true,
      "license": "MIT",
      "funding": {
        "url": "https://github.com/sponsors/panva"
      }
    },
    "node_modules/supabase": {
      "version": "2.118.0",
      "resolved": "https://registry.npmjs.org/supabase/-/supabase-2.118.0.tgz",
      "integrity": "sha512-0aPIlzBSBLwbJZCMZKD1QAwlc4xNnNvvk07QuSuuKBKzGLSeV3GovgTLlMKFTJ4JWfJubWF0URPLuPUr0kZr5g==",
      "dev": true,
      "license": "MIT",
      "dependencies": {
        "eciesjs": "^0.5.0",
        "jose": "^6.2.10"
      },
      "bin": {
        "supabase": "dist/supabase.js"
      },
      "optionalDependencies": {
        "@supabase/cli-darwin-arm64": "2.118.0",
        "@supabase/cli-darwin-x64": "2.118.0",
        "@supabase/cli-linux-arm64": "2.118.0",
        "@supabase/cli-linux-arm64-musl": "2.118.0",
        "@supabase/cli-linux-x64": "2.118.0",
        "@supabase/cli-linux-x64-musl": "2.118.0",
        "@supabase/cli-windows-arm64": "2.118.0",
        "@supabase/cli-windows-x64": "2.118.0"
      }
    }
  }
}
